
Microsoft Visual Studio Solution File, Format Version 12.00
# Visual Studio 15
VisualStudioVersion = 15.0.28010.2050
MinimumVisualStudioVersion = 10.0.40219.1
Project("{FAE04EC0-301F-11D3-BF4B-00C04F79EFBC}") = "RegisterForm", "RegisterForm\RegisterForm.csproj", "{BC1B0CFE-8FC4-44CA-AC9E-3C971688DC81}"
EndProject
Global
	GlobalSection(SolutionConfigurationPlatforms) = preSolution
		Debug|Any CPU = Debug|Any CPU
		Release|Any CPU = Release|Any CPU
	EndGlobalSection
	GlobalSection(ProjectConfigurationPlatforms) = postSolution
		{BC1B0CFE-8FC4-44CA-AC9E-3C971688DC81}.Debug|Any CPU.ActiveCfg = Debug|Any CPU
		{BC1B0CFE-8FC4-44CA-AC9E-3C971688DC81}.Debug|Any CPU.Build.0 = Debug|Any CPU
		{BC1B0CFE-8FC4-44CA-AC9E-3C971688DC81}.Release|Any CPU.ActiveCfg = Release|Any CPU
		{BC1B0CFE-8FC4-44CA-AC9E-3C971688DC81}.Release|Any CPU.Build.0 = Release|Any CPU
	EndGlobalSection
	GlobalSection(SolutionProperties) = preSolution
		HideSolutionNode = FALSE
	EndGlobalSection
	GlobalSection(ExtensibilityGlobals) = postSolution
		SolutionGuid = {D1A2859F-745D-412F-82F7-90F5CD88FE45}
	EndGlobalSection
EndGlobal
